
Microsoft Visual Studio Solution File, Format Version 11.00
# Visual Studio 2010
Project("{FAE04EC0-301F-11D3-BF4B-00C04F79EFBC}") = "MDNN243 - Project 2", "Assembly-CSharp.csproj", "{4679BC0D-7845-D7C0-A529-73DD6C6175FA}"
EndProject
Global
	GlobalSection(SolutionConfigurationPlatforms) = preSolution
		Debug|Any CPU = Debug|Any CPU
		Release|Any CPU = Release|Any CPU
	EndGlobalSection
	GlobalSection(ProjectConfigurationPlatforms) = postSolution
		{4679BC0D-7845-D7C0-A529-73DD6C6175FA}.Debug|Any CPU.ActiveCfg = Debug|Any CPU
		{4679BC0D-7845-D7C0-A529-73DD6C6175FA}.Debug|Any CPU.Build.0 = Debug|Any CPU
		{4679BC0D-7845-D7C0-A529-73DD6C6175FA}.Release|Any CPU.ActiveCfg = Release|Any CPU
		{4679BC0D-7845-D7C0-A529-73DD6C6175FA}.Release|Any CPU.Build.0 = Release|Any CPU
	EndGlobalSection
	GlobalSection(SolutionProperties) = preSolution
		HideSolutionNode = FALSE
	EndGlobalSection
	GlobalSection(MonoDevelopProperties) = preSolution
		StartupItem = Assembly-CSharp.csproj
	EndGlobalSection
EndGlobal
